// !$*UTF8*$!
{
	archiveVersion = 1;
	classes = {
	};
	objectVersion = 51;
	objects = {

/* Begin PBXBuildFile section */
		4534B826501A86C34BFEEF31 /* Pods_MovieBrowser.framework in Frameworks */ = {isa = PBXBuildFile; fileRef = D15740E697D1CA280EB13FFE /* Pods_MovieBrowser.framework */; };
		94152EBC24359A2800C7D30E /* MovieDetailViewController.swift in Sources */ = {isa = PBXBuildFile; fileRef = 94152EBB24359A2800C7D30E /* MovieDetailViewController.swift */; };
		943613202434F3F2009A2BF2 /* MoviesCollectionCell.swift in Sources */ = {isa = PBXBuildFile; fileRef = 9436131E2434F3F2009A2BF2 /* MoviesCollectionCell.swift */; };
		943613212434F3F2009A2BF2 /* MoviesCollectionCell.xib in Resources */ = {isa = PBXBuildFile; fileRef = 9436131F2434F3F2009A2BF2 /* MoviesCollectionCell.xib */; };
		944948E52435B569008BE6DB /* MovieDetailsModel.swift in Sources */ = {isa = PBXBuildFile; fileRef = 944948E42435B569008BE6DB /* MovieDetailsModel.swift */; };
		94D3C4A82434D8F200190188 /* AppDelegate.swift in Sources */ = {isa = PBXBuildFile; fileRef = 94D3C4A72434D8F200190188 /* AppDelegate.swift */; };
		94D3C4AC2434D8F200190188 /* ViewController.swift in Sources */ = {isa = PBXBuildFile; fileRef = 94D3C4AB2434D8F200190188 /* ViewController.swift */; };
		94D3C4AF2434D8F200190188 /* Main.storyboard in Resources */ = {isa = PBXBuildFile; fileRef = 94D3C4AD2434D8F200190188 /* Main.storyboard */; };
		94D3C4B12434D8F500190188 /* Assets.xcassets in Resources */ = {isa = PBXBuildFile; fileRef = 94D3C4B02434D8F500190188 /* Assets.xcassets */; };
		94D3C4B42434D8F500190188 /* LaunchScreen.storyboard in Resources */ = {isa = PBXBuildFile; fileRef = 94D3C4B22434D8F500190188 /* LaunchScreen.storyboard */; };
		94D3C4C22434ECDE00190188 /* GenericNetworking.swift in Sources */ = {isa = PBXBuildFile; fileRef = 94D3C4C02434ECDE00190188 /* GenericNetworking.swift */; };
		94D3C4C32434ECDE00190188 /* Baseparser.swift in Sources */ = {isa = PBXBuildFile; fileRef = 94D3C4C12434ECDE00190188 /* Baseparser.swift */; };
		94D3C4C62434ED4F00190188 /* CommonConstants.swift in Sources */ = {isa = PBXBuildFile; fileRef = 94D3C4C52434ED4F00190188 /* CommonConstants.swift */; };
		94D3C4C92434EE8800190188 /* MoviesModel.swift in Sources */ = {isa = PBXBuildFile; fileRef = 94D3C4C82434EE8800190188 /* MoviesModel.swift */; };
/* End PBXBuildFile section */

/* Begin PBXFileReference section */
		63EB81234F50E49E484C9236 /* Pods-MovieBrowser.debug.xcconfig */ = {isa = PBXFileReference; includeInIndex = 1; lastKnownFileType = text.xcconfig; name = "Pods-MovieBrowser.debug.xcconfig"; path = "Target Support Files/Pods-MovieBrowser/Pods-MovieBrowser.debug.xcconfig"; sourceTree = "<group>"; };
		84751BD059CDA6600D90F725 /* Pods-MovieBrowser.release.xcconfig */ = {isa = PBXFileReference; includeInIndex = 1; lastKnownFileType = text.xcconfig; name = "Pods-MovieBrowser.release.xcconfig"; path = "Target Support Files/Pods-MovieBrowser/Pods-MovieBrowser.release.xcconfig"; sourceTree = "<group>"; };
		94152EBB24359A2800C7D30E /* MovieDetailViewController.swift */ = {isa = PBXFileReference; lastKnownFileType = sourcecode.swift; path = MovieDetailViewController.swift; sourceTree = "<group>"; };
		9436131E2434F3F2009A2BF2 /* MoviesCollectionCell.swift */ = {isa = PBXFileReference; lastKnownFileType = sourcecode.swift; path = MoviesCollectionCell.swift; sourceTree = "<group>"; };
		9436131F2434F3F2009A2BF2 /* MoviesCollectionCell.xib */ = {isa = PBXFileReference; lastKnownFileType = file.xib; path = MoviesCollectionCell.xib; sourceTree = "<group>"; };
		944948E42435B569008BE6DB /* MovieDetailsModel.swift */ = {isa = PBXFileReference; fileEncoding = 4; lastKnownFileType = sourcecode.swift; path = MovieDetailsModel.swift; sourceTree = "<group>"; };
		94D3C4A42434D8F200190188 /* MovieBrowser.app */ = {isa = PBXFileReference; explicitFileType = wrapper.application; includeInIndex = 0; path = MovieBrowser.app; sourceTree = BUILT_PRODUCTS_DIR; };
		94D3C4A72434D8F200190188 /* AppDelegate.swift */ = {isa = PBXFileReference; lastKnownFileType = sourcecode.swift; path = AppDelegate.swift; sourceTree = "<group>"; };
		94D3C4AB2434D8F200190188 /* ViewController.swift */ = {isa = PBXFileReference; lastKnownFileType = sourcecode.swift; path = ViewController.swift; sourceTree = "<group>"; };
		94D3C4AE2434D8F200190188 /* Base */ = {isa = PBXFileReference; lastKnownFileType = file.storyboard; name = Base; path = Base.lproj/Main.storyboard; sourceTree = "<group>"; };
		94D3C4B02434D8F500190188 /* Assets.xcassets */ = {isa = PBXFileReference; lastKnownFileType = folder.assetcatalog; path = Assets.xcassets; sourceTree = "<group>"; };
		94D3C4B32434D8F500190188 /* Base */ = {isa = PBXFileReference; lastKnownFileType = file.storyboard; name = Base; path = Base.lproj/LaunchScreen.storyboard; sourceTree = "<group>"; };
		94D3C4B52434D8F500190188 /* Info.plist */ = {isa = PBXFileReference; lastKnownFileType = text.plist.xml; path = Info.plist; sourceTree = "<group>"; };
		94D3C4C02434ECDE00190188 /* GenericNetworking.swift */ = {isa = PBXFileReference; fileEncoding = 4; lastKnownFileType = sourcecode.swift; path = GenericNetworking.swift; sourceTree = "<group>"; };
		94D3C4C12434ECDE00190188 /* Baseparser.swift */ = {isa = PBXFileReference; fileEncoding = 4; lastKnownFileType = sourcecode.swift; path = Baseparser.swift; sourceTree = "<group>"; };
		94D3C4C52434ED4F00190188 /* CommonConstants.swift */ = {isa = PBXFileReference; lastKnownFileType = sourcecode.swift; path = CommonConstants.swift; sourceTree = "<group>"; };
		94D3C4C82434EE8800190188 /* MoviesModel.swift */ = {isa = PBXFileReference; fileEncoding = 4; lastKnownFileType = sourcecode.swift; path = MoviesModel.swift; sourceTree = "<group>"; };
		D15740E697D1CA280EB13FFE /* Pods_MovieBrowser.framework */ = {isa = PBXFileReference; explicitFileType = wrapper.framework; includeInIndex = 0; path = Pods_MovieBrowser.framework; sourceTree = BUILT_PRODUCTS_DIR; };
/* End PBXFileReference section */

/* Begin PBXFrameworksBuildPhase section */
		94D3C4A12434D8F200190188 /* Frameworks */ = {
			isa = PBXFrameworksBuildPhase;
			buildActionMask = 2147483647;
			files = (
				4534B826501A86C34BFEEF31 /* Pods_MovieBrowser.framework in Frameworks */,
			);
			runOnlyForDeploymentPostprocessing = 0;
		};
/* End PBXFrameworksBuildPhase section */

/* Begin PBXGroup section */
		0D78CCB6A5017933746632D8 /* Pods */ = {
			isa = PBXGroup;
			children = (
				63EB81234F50E49E484C9236 /* Pods-MovieBrowser.debug.xcconfig */,
				84751BD059CDA6600D90F725 /* Pods-MovieBrowser.release.xcconfig */,
			);
			path = Pods;
			sourceTree = "<group>";
		};
		7B8906E46E4C063E876BC8D5 /* Frameworks */ = {
			isa = PBXGroup;
			children = (
				D15740E697D1CA280EB13FFE /* Pods_MovieBrowser.framework */,
			);
			name = Frameworks;
			sourceTree = "<group>";
		};
		94152EBA24359A0500C7D30E /* MovieDetail */ = {
			isa = PBXGroup;
			children = (
				944948E32435B501008BE6DB /* MovieDetailsModel */,
				94152EBB24359A2800C7D30E /* MovieDetailViewController.swift */,
			);
			path = MovieDetail;
			sourceTree = "<group>";
		};
		943613182434F319009A2BF2 /* Storyboards */ = {
			isa = PBXGroup;
			children = (
				94D3C4AD2434D8F200190188 /* Main.storyboard */,
				94D3C4B22434D8F500190188 /* LaunchScreen.storyboard */,
			);
			path = Storyboards;
			sourceTree = "<group>";
		};
		943613192434F383009A2BF2 /* MovieCollectionCell */ = {
			isa = PBXGroup;
			children = (
				9436131E2434F3F2009A2BF2 /* MoviesCollectionCell.swift */,
				9436131F2434F3F2009A2BF2 /* MoviesCollectionCell.xib */,
			);
			path = MovieCollectionCell;
			sourceTree = "<group>";
		};
		944948E32435B501008BE6DB /* MovieDetailsModel */ = {
			isa = PBXGroup;
			children = (
				944948E42435B569008BE6DB /* MovieDetailsModel.swift */,
			);
			path = MovieDetailsModel;
			sourceTree = "<group>";
		};
		94D3C49B2434D8F200190188 = {
			isa = PBXGroup;
			children = (
				94D3C4A62434D8F200190188 /* MovieBrowser */,
				94D3C4A52434D8F200190188 /* Products */,
				0D78CCB6A5017933746632D8 /* Pods */,
				7B8906E46E4C063E876BC8D5 /* Frameworks */,
			);
			sourceTree = "<group>";
		};
		94D3C4A52434D8F200190188 /* Products */ = {
			isa = PBXGroup;
			children = (
				94D3C4A42434D8F200190188 /* MovieBrowser.app */,
			);
			name = Products;
			sourceTree = "<group>";
		};
		94D3C4A62434D8F200190188 /* MovieBrowser */ = {
			isa = PBXGroup;
			children = (
				94D3C4CA2434EF1000190188 /* Contollers */,
				94D3C4C42434ECEF00190188 /* Common */,
				94D3C4BF2434ECBF00190188 /* Baseclasses */,
				94D3C4A72434D8F200190188 /* AppDelegate.swift */,
				943613182434F319009A2BF2 /* Storyboards */,
				94D3C4B02434D8F500190188 /* Assets.xcassets */,
				94D3C4B52434D8F500190188 /* Info.plist */,
			);
			path = MovieBrowser;
			sourceTree = "<group>";
		};
		94D3C4BF2434ECBF00190188 /* Baseclasses */ = {
			isa = PBXGroup;
			children = (
				94D3C4C12434ECDE00190188 /* Baseparser.swift */,
				94D3C4C02434ECDE00190188 /* GenericNetworking.swift */,
			);
			path = Baseclasses;
			sourceTree = "<group>";
		};
		94D3C4C42434ECEF00190188 /* Common */ = {
			isa = PBXGroup;
			children = (
				94D3C4C52434ED4F00190188 /* CommonConstants.swift */,
			);
			path = Common;
			sourceTree = "<group>";
		};
		94D3C4C72434EE2000190188 /* MoviesModel */ = {
			isa = PBXGroup;
			children = (
				94D3C4C82434EE8800190188 /* MoviesModel.swift */,
			);
			path = MoviesModel;
			sourceTree = "<group>";
		};
		94D3C4CA2434EF1000190188 /* Contollers */ = {
			isa = PBXGroup;
			children = (
				94152EBA24359A0500C7D30E /* MovieDetail */,
				94D3C4CB2434EF1F00190188 /* MovieList */,
			);
			path = Contollers;
			sourceTree = "<group>";
		};
		94D3C4CB2434EF1F00190188 /* MovieList */ = {
			isa = PBXGroup;
			children = (
				94D3C4C72434EE2000190188 /* MoviesModel */,
				94D3C4AB2434D8F200190188 /* ViewController.swift */,
				943613192434F383009A2BF2 /* MovieCollectionCell */,
			);
			path = MovieList;
			sourceTree = "<group>";
		};
/* End PBXGroup section */

/* Begin PBXNativeTarget section */
		94D3C4A32434D8F200190188 /* MovieBrowser */ = {
			isa = PBXNativeTarget;
			buildConfigurationList = 94D3C4B82434D8F500190188 /* Build configuration list for PBXNativeTarget "MovieBrowser" */;
			buildPhases = (
				1FD23379A7497339F07291CF /* [CP] Check Pods Manifest.lock */,
				94D3C4A02434D8F200190188 /* Sources */,
				94D3C4A12434D8F200190188 /* Frameworks */,
				94D3C4A22434D8F200190188 /* Resources */,
				ABD69E8E437C61DF465ED2FF /* [CP] Embed Pods Frameworks */,
			);
			buildRules = (
			);
			dependencies = (
			);
			name = MovieBrowser;
			productName = MovieBrowser;
			productReference = 94D3C4A42434D8F200190188 /* MovieBrowser.app */;
			productType = "com.apple.product-type.application";
		};
/* End PBXNativeTarget section */

/* Begin PBXProject section */
		94D3C49C2434D8F200190188 /* Project object */ = {
			isa = PBXProject;
			attributes = {
				LastSwiftUpdateCheck = 1120;
				LastUpgradeCheck = 1120;
				ORGANIZATIONNAME = "Dipanjan Pal";
				TargetAttributes = {
					94D3C4A32434D8F200190188 = {
						CreatedOnToolsVersion = 11.2.1;
					};
				};
			};
			buildConfigurationList = 94D3C49F2434D8F200190188 /* Build configuration list for PBXProject "MovieBrowser" */;
			compatibilityVersion = "Xcode 9.3";
			developmentRegion = en;
			hasScannedForEncodings = 0;
			knownRegions = (
				en,
				Base,
			);
			mainGroup = 94D3C49B2434D8F200190188;
			productRefGroup = 94D3C4A52434D8F200190188 /* Products */;
			projectDirPath = "";
			projectRoot = "";
			targets = (
				94D3C4A32434D8F200190188 /* MovieBrowser */,
			);
		};
/* End PBXProject section */

/* Begin PBXResourcesBuildPhase section */
		94D3C4A22434D8F200190188 /* Resources */ = {
			isa = PBXResourcesBuildPhase;
			buildActionMask = 2147483647;
			files = (
				943613212434F3F2009A2BF2 /* MoviesCollectionCell.xib in Resources */,
				94D3C4B42434D8F500190188 /* LaunchScreen.storyboard in Resources */,
				94D3C4B12434D8F500190188 /* Assets.xcassets in Resources */,
				94D3C4AF2434D8F200190188 /* Main.storyboard in Resources */,
			);
			runOnlyForDeploymentPostprocessing = 0;
		};
/* End PBXResourcesBuildPhase section */

/* Begin PBXShellScriptBuildPhase section */
		1FD23379A7497339F07291CF /* [CP] Check Pods Manifest.lock */ = {
			isa = PBXShellScriptBuildPhase;
			buildActionMask = 2147483647;
			files = (
			);
			inputFileListPaths = (
			);
			inputPaths = (
				"${PODS_PODFILE_DIR_PATH}/Podfile.lock",
				"${PODS_ROOT}/Manifest.lock",
			);
			name = "[CP] Check Pods Manifest.lock";
			outputFileListPaths = (
			);
			outputPaths = (
				"$(DERIVED_FILE_DIR)/Pods-MovieBrowser-checkManifestLockResult.txt",
			);
			runOnlyForDeploymentPostprocessing = 0;
			shellPath = /bin/sh;
			shellScript = "diff \"${PODS_PODFILE_DIR_PATH}/Podfile.lock\" \"${PODS_ROOT}/Manifest.lock\" > /dev/null\nif [ $? != 0 ] ; then\n    # print error to STDERR\n    echo \"error: The sandbox is not in sync with the Podfile.lock. Run 'pod install' or update your CocoaPods installation.\" >&2\n    exit 1\nfi\n# This output is used by Xcode 'outputs' to avoid re-running this script phase.\necho \"SUCCESS\" > \"${SCRIPT_OUTPUT_FILE_0}\"\n";
			showEnvVarsInLog = 0;
		};
		ABD69E8E437C61DF465ED2FF /* [CP] Embed Pods Frameworks */ = {
			isa = PBXShellScriptBuildPhase;
			buildActionMask = 2147483647;
			files = (
			);
			inputFileListPaths = (
				"${PODS_ROOT}/Target Support Files/Pods-MovieBrowser/Pods-MovieBrowser-frameworks-${CONFIGURATION}-input-files.xcfilelist",
			);
			name = "[CP] Embed Pods Frameworks";
			outputFileListPaths = (
				"${PODS_ROOT}/Target Support Files/Pods-MovieBrowser/Pods-MovieBrowser-frameworks-${CONFIGURATION}-output-files.xcfilelist",
			);
			runOnlyForDeploymentPostprocessing = 0;
			shellPath = /bin/sh;
			shellScript = "\"${PODS_ROOT}/Target Support Files/Pods-MovieBrowser/Pods-MovieBrowser-frameworks.sh\"\n";
			showEnvVarsInLog = 0;
		};
/* End PBXShellScriptBuildPhase section */

/* Begin PBXSourcesBuildPhase section */
		94D3C4A02434D8F200190188 /* Sources */ = {
			isa = PBXSourcesBuildPhase;
			buildActionMask = 2147483647;
			files = (
				94D3C4AC2434D8F200190188 /* ViewController.swift in Sources */,
				943613202434F3F2009A2BF2 /* MoviesCollectionCell.swift in Sources */,
				944948E52435B569008BE6DB /* MovieDetailsModel.swift in Sources */,
				94D3C4C62434ED4F00190188 /* CommonConstants.swift in Sources */,
				94D3C4A82434D8F200190188 /* AppDelegate.swift in Sources */,
				94152EBC24359A2800C7D30E /* MovieDetailViewController.swift in Sources */,
				94D3C4C22434ECDE00190188 /* GenericNetworking.swift in Sources */,
				94D3C4C32434ECDE00190188 /* Baseparser.swift in Sources */,
				94D3C4C92434EE8800190188 /* MoviesModel.swift in Sources */,
			);
			runOnlyForDeploymentPostprocessing = 0;
		};
/* End PBXSourcesBuildPhase section */

/* Begin PBXVariantGroup section */
		94D3C4AD2434D8F200190188 /* Main.storyboard */ = {
			isa = PBXVariantGroup;
			children = (
				94D3C4AE2434D8F200190188 /* Base */,
			);
			name = Main.storyboard;
			sourceTree = "<group>";
		};
		94D3C4B22434D8F500190188 /* LaunchScreen.storyboard */ = {
			isa = PBXVariantGroup;
			children = (
				94D3C4B32434D8F500190188 /* Base */,
			);
			name = LaunchScreen.storyboard;
			sourceTree = "<group>";
		};
/* End PBXVariantGroup section */

/* Begin XCBuildConfiguration section */
		94D3C4B62434D8F500190188 /* Debug */ = {
			isa = XCBuildConfiguration;
			buildSettings = {
				ALWAYS_SEARCH_USER_PATHS = NO;
				CLANG_ANALYZER_NONNULL = YES;
				CLANG_ANALYZER_NUMBER_OBJECT_CONVERSION = YES_AGGRESSIVE;
				CLANG_CXX_LANGUAGE_STANDARD = "gnu++14";
				CLANG_CXX_LIBRARY = "libc++";
				CLANG_ENABLE_MODULES = YES;
				CLANG_ENABLE_OBJC_ARC = YES;
				CLANG_ENABLE_OBJC_WEAK = YES;
				CLANG_WARN_BLOCK_CAPTURE_AUTORELEASING = YES;
				CLANG_WARN_BOOL_CONVERSION = YES;
				CLANG_WARN_COMMA = YES;
				CLANG_WARN_CONSTANT_CONVERSION = YES;
				CLANG_WARN_DEPRECATED_OBJC_IMPLEMENTATIONS = YES;
				CLANG_WARN_DIRECT_OBJC_ISA_USAGE = YES_ERROR;
				CLANG_WARN_DOCUMENTATION_COMMENTS = YES;
				CLANG_WARN_EMPTY_BODY = YES;
				CLANG_WARN_ENUM_CONVERSION = YES;
				CLANG_WARN_INFINITE_RECURSION = YES;
				CLANG_WARN_INT_CONVERSION = YES;
				CLANG_WARN_NON_LITERAL_NULL_CONVERSION = YES;
				CLANG_WARN_OBJC_IMPLICIT_RETAIN_SELF = YES;
				CLANG_WARN_OBJC_LITERAL_CONVERSION = YES;
				CLANG_WARN_OBJC_ROOT_CLASS = YES_ERROR;
				CLANG_WARN_RANGE_LOOP_ANALYSIS = YES;
				CLANG_WARN_STRICT_PROTOTYPES = YES;
				CLANG_WARN_SUSPICIOUS_MOVE = YES;
				CLANG_WARN_UNGUARDED_AVAILABILITY = YES_AGGRESSIVE;
				CLANG_WARN_UNREACHABLE_CODE = YES;
				CLANG_WARN__DUPLICATE_METHOD_MATCH = YES;
				COPY_PHASE_STRIP = NO;
				DEBUG_INFORMATION_FORMAT = dwarf;
				ENABLE_STRICT_OBJC_MSGSEND = YES;
				ENABLE_TESTABILITY = YES;
				GCC_C_LANGUAGE_STANDARD = gnu11;
				GCC_DYNAMIC_NO_PIC = NO;
				GCC_NO_COMMON_BLOCKS = YES;
				GCC_OPTIMIZATION_LEVEL = 0;
				GCC_PREPROCESSOR_DEFINITIONS = (
					"DEBUG=1",
					"$(inherited)",
				);
				GCC_WARN_64_TO_32_BIT_CONVERSION = YES;
				GCC_WARN_ABOUT_RETURN_TYPE = YES_ERROR;
				GCC_WARN_UNDECLARED_SELECTOR = YES;
				GCC_WARN_UNINITIALIZED_AUTOS = YES_AGGRESSIVE;
				GCC_WARN_UNUSED_FUNCTION = YES;
				GCC_WARN_UNUSED_VARIABLE = YES;
				IPHONEOS_DEPLOYMENT_TARGET = 13.2;
				MTL_ENABLE_DEBUG_INFO = INCLUDE_SOURCE;
				MTL_FAST_MATH = YES;
				ONLY_ACTIVE_ARCH = YES;
				SDKROOT = iphoneos;
				SWIFT_ACTIVE_COMPILATION_CONDITIONS = DEBUG;
				SWIFT_OPTIMIZATION_LEVEL = "-Onone";
			};
			name = Debug;
		};
		94D3C4B72434D8F500190188 /* Release */ = {
			isa = XCBuildConfiguration;
			buildSettings = {
				ALWAYS_SEARCH_USER_PATHS = NO;
				CLANG_ANALYZER_NONNULL = YES;
				CLANG_ANALYZER_NUMBER_OBJECT_CONVERSION = YES_AGGRESSIVE;
				CLANG_CXX_LANGUAGE_STANDARD = "gnu++14";
				CLANG_CXX_LIBRARY = "libc++";
				CLANG_ENABLE_MODULES = YES;
				CLANG_ENABLE_OBJC_ARC = YES;
				CLANG_ENABLE_OBJC_WEAK = YES;
				CLANG_WARN_BLOCK_CAPTURE_AUTORELEASING = YES;
				CLANG_WARN_BOOL_CONVERSION = YES;
				CLANG_WARN_COMMA = YES;
				CLANG_WARN_CONSTANT_CONVERSION = YES;
				CLANG_WARN_DEPRECATED_OBJC_IMPLEMENTATIONS = YES;
				CLANG_WARN_DIRECT_OBJC_ISA_USAGE = YES_ERROR;
				CLANG_WARN_DOCUMENTATION_COMMENTS = YES;
				CLANG_WARN_EMPTY_BODY = YES;
				CLANG_WARN_ENUM_CONVERSION = YES;
				CLANG_WARN_INFINITE_RECURSION = YES;
				CLANG_WARN_INT_CONVERSION = YES;
				CLANG_WARN_NON_LITERAL_NULL_CONVERSION = YES;
				CLANG_WARN_OBJC_IMPLICIT_RETAIN_SELF = YES;
				CLANG_WARN_OBJC_LITERAL_CONVERSION = YES;
				CLANG_WARN_OBJC_ROOT_CLASS = YES_ERROR;
				CLANG_WARN_RANGE_LOOP_ANALYSIS = YES;
				CLANG_WARN_STRICT_PROTOTYPES = YES;
				CLANG_WARN_SUSPICIOUS_MOVE = YES;
				CLANG_WARN_UNGUARDED_AVAILABILITY = YES_AGGRESSIVE;
				CLANG_WARN_UNREACHABLE_CODE = YES;
				CLANG_WARN__DUPLICATE_METHOD_MATCH = YES;
				COPY_PHASE_STRIP = NO;
				DEBUG_INFORMATION_FORMAT = "dwarf-with-dsym";
				ENABLE_NS_ASSERTIONS = NO;
				ENABLE_STRICT_OBJC_MSGSEND = YES;
				GCC_C_LANGUAGE_STANDARD = gnu11;
				GCC_NO_COMMON_BLOCKS = YES;
				GCC_WARN_64_TO_32_BIT_CONVERSION = YES;
				GCC_WARN_ABOUT_RETURN_TYPE = YES_ERROR;
				GCC_WARN_UNDECLARED_SELECTOR = YES;
				GCC_WARN_UNINITIALIZED_AUTOS = YES_AGGRESSIVE;
				GCC_WARN_UNUSED_FUNCTION = YES;
				GCC_WARN_UNUSED_VARIABLE = YES;
				IPHONEOS_DEPLOYMENT_TARGET = 13.2;
				MTL_ENABLE_DEBUG_INFO = NO;
				MTL_FAST_MATH = YES;
				SDKROOT = iphoneos;
				SWIFT_COMPILATION_MODE = wholemodule;
				SWIFT_OPTIMIZATION_LEVEL = "-O";
				VALIDATE_PRODUCT = YES;
			};
			name = Release;
		};
		94D3C4B92434D8F500190188 /* Debug */ = {
			isa = XCBuildConfiguration;
			baseConfigurationReference = 63EB81234F50E49E484C9236 /* Pods-MovieBrowser.debug.xcconfig */;
			buildSettings = {
				ASSETCATALOG_COMPILER_APPICON_NAME = AppIcon;
				CODE_SIGN_STYLE = Automatic;
				INFOPLIST_FILE = MovieBrowser/Info.plist;
				IPHONEOS_DEPLOYMENT_TARGET = 11.0;
				LD_RUNPATH_SEARCH_PATHS = (
					"$(inherited)",
					"@executable_path/Frameworks",
				);
				PRODUCT_BUNDLE_IDENTIFIER = com.dipanjanpal.MovieBrowser;
				PRODUCT_NAME = "$(TARGET_NAME)";
				SWIFT_VERSION = 5.0;
				TARGETED_DEVICE_FAMILY = 1;
			};
			name = Debug;
		};
		94D3C4BA2434D8F500190188 /* Release */ = {
			isa = XCBuildConfiguration;
			baseConfigurationReference = 84751BD059CDA6600D90F725 /* Pods-MovieBrowser.release.xcconfig */;
			buildSettings = {
				ASSETCATALOG_COMPILER_APPICON_NAME = AppIcon;
				CODE_SIGN_STYLE = Automatic;
				INFOPLIST_FILE = MovieBrowser/Info.plist;
				IPHONEOS_DEPLOYMENT_TARGET = 11.0;
				LD_RUNPATH_SEARCH_PATHS = (
					"$(inherited)",
					"@executable_path/Frameworks",
				);
				PRODUCT_BUNDLE_IDENTIFIER = com.dipanjanpal.MovieBrowser;
				PRODUCT_NAME = "$(TARGET_NAME)";
				SWIFT_VERSION = 5.0;
				TARGETED_DEVICE_FAMILY = 1;
			};
			name = Release;
		};
/* End XCBuildConfiguration section */

/* Begin XCConfigurationList section */
		94D3C49F2434D8F200190188 /* Build configuration list for PBXProject "MovieBrowser" */ = {
			isa = XCConfigurationList;
			buildConfigurations = (
				94D3C4B62434D8F500190188 /* Debug */,
				94D3C4B72434D8F500190188 /* Release */,
			);
			defaultConfigurationIsVisible = 0;
			defaultConfigurationName = Release;
		};
		94D3C4B82434D8F500190188 /* Build configuration list for PBXNativeTarget "MovieBrowser" */ = {
			isa = XCConfigurationList;
			buildConfigurations = (
				94D3C4B92434D8F500190188 /* Debug */,
				94D3C4BA2434D8F500190188 /* Release */,
			);
			defaultConfigurationIsVisible = 0;
			defaultConfigurationName = Release;
		};
/* End XCConfigurationList section */
	};
	rootObject = 94D3C49C2434D8F200190188 /* Project object */;
}
